
Microsoft Visual Studio Solution File, Format Version 12.00
# Visual Studio Version 17
VisualStudioVersion = 17.11.35222.181
MinimumVisualStudioVersion = 10.0.40219.1
Project("{9A19103F-16F7-4668-BE54-9A1E7A4F7556}") = "ALWD.UI", "ALWD.UI\ALWD.UI.csproj", "{0CF82F58-B2F5-4A15-B601-9D80BE139BDA}"
EndProject
Project("{9A19103F-16F7-4668-BE54-9A1E7A4F7556}") = "ALWD.Domain", "ALWD.Domain\ALWD.Domain.csproj", "{1BB75A15-0072-4A42-8C1E-E34FC9EE48D2}"
EndProject
Project("{9A19103F-16F7-4668-BE54-9A1E7A4F7556}") = "ALWD.API", "ALWD.API\ALWD.API.csproj", "{522682C0-03D7-42F5-9DAC-A114ABE58360}"
EndProject
Project("{9A19103F-16F7-4668-BE54-9A1E7A4F7556}") = "ALWD.Tests", "ALWD.Tests\ALWD.Tests.csproj", "{4B4883D9-DA6C-4510-AB8C-F5BC94F1AFCA}"
EndProject
Project("{9A19103F-16F7-4668-BE54-9A1E7A4F7556}") = "ALWD.Blazor.SSR", "ALWD.Blazor.SSR\ALWD.Blazor.SSR.csproj", "{DEBA587A-1DDA-4A91-8F8B-3A617E2EA742}"
EndProject
Project("{9A19103F-16F7-4668-BE54-9A1E7A4F7556}") = "ALWD.Blazor.WebAssembly", "ALWD.Blazor.WebAssembly\ALWD.Blazor.WebAssembly.csproj", "{A07AEA68-06EA-4718-8075-CBD4B7F0E393}"
EndProject
Global
	GlobalSection(SolutionConfigurationPlatforms) = preSolution
		Debug|Any CPU = Debug|Any CPU
		Release|Any CPU = Release|Any CPU
	EndGlobalSection
	GlobalSection(ProjectConfigurationPlatforms) = postSolution
		{0CF82F58-B2F5-4A15-B601-9D80BE139BDA}.Debug|Any CPU.ActiveCfg = Debug|Any CPU
		{0CF82F58-B2F5-4A15-B601-9D80BE139BDA}.Debug|Any CPU.Build.0 = Debug|Any CPU
		{0CF82F58-B2F5-4A15-B601-9D80BE139BDA}.Release|Any CPU.ActiveCfg = Release|Any CPU
		{0CF82F58-B2F5-4A15-B601-9D80BE139BDA}.Release|Any CPU.Build.0 = Release|Any CPU
		{1BB75A15-0072-4A42-8C1E-E34FC9EE48D2}.Debug|Any CPU.ActiveCfg = Debug|Any CPU
		{1BB75A15-0072-4A42-8C1E-E34FC9EE48D2}.Debug|Any CPU.Build.0 = Debug|Any CPU
		{1BB75A15-0072-4A42-8C1E-E34FC9EE48D2}.Release|Any CPU.ActiveCfg = Release|Any CPU
		{1BB75A15-0072-4A42-8C1E-E34FC9EE48D2}.Release|Any CPU.Build.0 = Release|Any CPU
		{522682C0-03D7-42F5-9DAC-A114ABE58360}.Debug|Any CPU.ActiveCfg = Debug|Any CPU
		{522682C0-03D7-42F5-9DAC-A114ABE58360}.Debug|Any CPU.Build.0 = Debug|Any CPU
		{522682C0-03D7-42F5-9DAC-A114ABE58360}.Release|Any CPU.ActiveCfg = Release|Any CPU
		{522682C0-03D7-42F5-9DAC-A114ABE58360}.Release|Any CPU.Build.0 = Release|Any CPU
		{4B4883D9-DA6C-4510-AB8C-F5BC94F1AFCA}.Debug|Any CPU.ActiveCfg = Debug|Any CPU
		{4B4883D9-DA6C-4510-AB8C-F5BC94F1AFCA}.Debug|Any CPU.Build.0 = Debug|Any CPU
		{4B4883D9-DA6C-4510-AB8C-F5BC94F1AFCA}.Release|Any CPU.ActiveCfg = Release|Any CPU
		{4B4883D9-DA6C-4510-AB8C-F5BC94F1AFCA}.Release|Any CPU.Build.0 = Release|Any CPU
		{DEBA587A-1DDA-4A91-8F8B-3A617E2EA742}.Debug|Any CPU.ActiveCfg = Debug|Any CPU
		{DEBA587A-1DDA-4A91-8F8B-3A617E2EA742}.Debug|Any CPU.Build.0 = Debug|Any CPU
		{DEBA587A-1DDA-4A91-8F8B-3A617E2EA742}.Release|Any CPU.ActiveCfg = Release|Any CPU
		{DEBA587A-1DDA-4A91-8F8B-3A617E2EA742}.Release|Any CPU.Build.0 = Release|Any CPU
		{A07AEA68-06EA-4718-8075-CBD4B7F0E393}.Debug|Any CPU.ActiveCfg = Debug|Any CPU
		{A07AEA68-06EA-4718-8075-CBD4B7F0E393}.Debug|Any CPU.Build.0 = Debug|Any CPU
		{A07AEA68-06EA-4718-8075-CBD4B7F0E393}.Release|Any CPU.ActiveCfg = Release|Any CPU
		{A07AEA68-06EA-4718-8075-CBD4B7F0E393}.Release|Any CPU.Build.0 = Release|Any CPU
	EndGlobalSection
	GlobalSection(SolutionProperties) = preSolution
		HideSolutionNode = FALSE
	EndGlobalSection
	GlobalSection(ExtensibilityGlobals) = postSolution
		SolutionGuid = {D6E95664-DF67-411B-947E-7C386DED40F2}
	EndGlobalSection
EndGlobal
